
Microsoft Visual Studio Solution File, Format Version 12.00
# Visual Studio Version 17
VisualStudioVersion = 17.14.36811.4 d17.14
MinimumVisualStudioVersion = 10.0.40219.1
Project("{FAE04EC0-301F-11D3-BF4B-00C04F79EFBC}") = "DWH_STAGE_COMMON", "DWH_STAGE_COMMON.csproj", "{535A47C6-1F8E-4941-B68A-C523FA369D2E}"
EndProject
Global
	GlobalSection(SolutionConfigurationPlatforms) = preSolution
		Debug|Any CPU = Debug|Any CPU
		Debug|x64 = Debug|x64
		Release|Any CPU = Release|Any CPU
		Release|x64 = Release|x64
	EndGlobalSection
	GlobalSection(ProjectConfigurationPlatforms) = postSolution
		{535A47C6-1F8E-4941-B68A-C523FA369D2E}.Debug|Any CPU.ActiveCfg = Debug|Any CPU
		{535A47C6-1F8E-4941-B68A-C523FA369D2E}.Debug|Any CPU.Build.0 = Debug|Any CPU
		{535A47C6-1F8E-4941-B68A-C523FA369D2E}.Debug|x64.ActiveCfg = Debug|x64
		{535A47C6-1F8E-4941-B68A-C523FA369D2E}.Debug|x64.Build.0 = Debug|x64
		{535A47C6-1F8E-4941-B68A-C523FA369D2E}.Release|Any CPU.ActiveCfg = Release|Any CPU
		{535A47C6-1F8E-4941-B68A-C523FA369D2E}.Release|Any CPU.Build.0 = Release|Any CPU
		{535A47C6-1F8E-4941-B68A-C523FA369D2E}.Release|x64.ActiveCfg = Release|x64
		{535A47C6-1F8E-4941-B68A-C523FA369D2E}.Release|x64.Build.0 = Release|x64
	EndGlobalSection
	GlobalSection(SolutionProperties) = preSolution
		HideSolutionNode = FALSE
	EndGlobalSection
	GlobalSection(ExtensibilityGlobals) = postSolution
		SolutionGuid = {6687C675-8868-45BF-9912-C8BFAB4E9F64}
	EndGlobalSection
EndGlobal
